
Microsoft Visual Studio Solution File, Format Version 12.00
# Visual Studio Version 17
VisualStudioVersion = 17.13.35818.85 d17.13
MinimumVisualStudioVersion = 10.0.40219.1
Project("{FAE04EC0-301F-11D3-BF4B-00C04F79EFBC}") = "HerancaPolimorfismo1", "HerancaPolimorfismo1\HerancaPolimorfismo1.csproj", "{4BE367F1-C491-4AF7-B094-AC539C695907}"
EndProject
Global
	GlobalSection(SolutionConfigurationPlatforms) = preSolution
		Debug|Any CPU = Debug|Any CPU
		Release|Any CPU = Release|Any CPU
	EndGlobalSection
	GlobalSection(ProjectConfigurationPlatforms) = postSolution
		{4BE367F1-C491-4AF7-B094-AC539C695907}.Debug|Any CPU.ActiveCfg = Debug|Any CPU
		{4BE367F1-C491-4AF7-B094-AC539C695907}.Debug|Any CPU.Build.0 = Debug|Any CPU
		{4BE367F1-C491-4AF7-B094-AC539C695907}.Release|Any CPU.ActiveCfg = Release|Any CPU
		{4BE367F1-C491-4AF7-B094-AC539C695907}.Release|Any CPU.Build.0 = Release|Any CPU
	EndGlobalSection
	GlobalSection(SolutionProperties) = preSolution
		HideSolutionNode = FALSE
	EndGlobalSection
	GlobalSection(ExtensibilityGlobals) = postSolution
		SolutionGuid = {9D9448AA-9CD3-4144-B071-985139B30E1A}
	EndGlobalSection
EndGlobal
